
Microsoft Visual Studio Solution File, Format Version 12.00
# Visual Studio Version 16
VisualStudioVersion = 16.0.30717.126
MinimumVisualStudioVersion = 10.0.40219.1
Project("{FAE04EC0-301F-11D3-BF4B-00C04F79EFBC}") = "ClinicApp", "ClinicApp.csproj", "{C3FF401A-5411-409D-B679-9AC1809D90E6}"
EndProject
Global
	GlobalSection(SolutionConfigurationPlatforms) = preSolution
		Debug|Any CPU = Debug|Any CPU
		Release|Any CPU = Release|Any CPU
	EndGlobalSection
	GlobalSection(ProjectConfigurationPlatforms) = postSolution
		{C3FF401A-5411-409D-B679-9AC1809D90E6}.Debug|Any CPU.ActiveCfg = Debug|Any CPU
		{C3FF401A-5411-409D-B679-9AC1809D90E6}.Debug|Any CPU.Build.0 = Debug|Any CPU
		{C3FF401A-5411-409D-B679-9AC1809D90E6}.Release|Any CPU.ActiveCfg = Release|Any CPU
		{C3FF401A-5411-409D-B679-9AC1809D90E6}.Release|Any CPU.Build.0 = Release|Any CPU
	EndGlobalSection
	GlobalSection(SolutionProperties) = preSolution
		HideSolutionNode = FALSE
	EndGlobalSection
	GlobalSection(ExtensibilityGlobals) = postSolution
		SolutionGuid = {CFA87DC1-21FE-40F2-88C9-A521FB1F8BBF}
	EndGlobalSection
EndGlobal
